
Microsoft Visual Studio Solution File, Format Version 12.00
# Visual Studio Version 17
VisualStudioVersion = 17.1.32414.318
MinimumVisualStudioVersion = 10.0.40219.1
Project("{FAE04EC0-301F-11D3-BF4B-00C04F79EFBC}") = "PR14.Android", "PR14.Android\PR14.Android.csproj", "{DE940972-46AB-488C-BD83-3F804B18D9A2}"
EndProject
Project("{FAE04EC0-301F-11D3-BF4B-00C04F79EFBC}") = "PR14.iOS", "PR14.iOS\PR14.iOS.csproj", "{4D9F262D-96DD-4DF0-AAF9-19A9D7557BEA}"
EndProject
Project("{FAE04EC0-301F-11D3-BF4B-00C04F79EFBC}") = "PR14", "PR14\PR14.csproj", "{09B060F6-F8C9-4498-AE60-9B324BBC89FD}"
EndProject
Global
	GlobalSection(SolutionConfigurationPlatforms) = preSolution
		Debug|Any CPU = Debug|Any CPU
		Debug|iPhone = Debug|iPhone
		Debug|iPhoneSimulator = Debug|iPhoneSimulator
		Release|Any CPU = Release|Any CPU
		Release|iPhone = Release|iPhone
		Release|iPhoneSimulator = Release|iPhoneSimulator
	EndGlobalSection
	GlobalSection(ProjectConfigurationPlatforms) = postSolution
		{DE940972-46AB-488C-BD83-3F804B18D9A2}.Debug|Any CPU.ActiveCfg = Debug|Any CPU
		{DE940972-46AB-488C-BD83-3F804B18D9A2}.Debug|Any CPU.Build.0 = Debug|Any CPU
		{DE940972-46AB-488C-BD83-3F804B18D9A2}.Debug|Any CPU.Deploy.0 = Debug|Any CPU
		{DE940972-46AB-488C-BD83-3F804B18D9A2}.Debug|iPhone.ActiveCfg = Debug|Any CPU
		{DE940972-46AB-488C-BD83-3F804B18D9A2}.Debug|iPhone.Build.0 = Debug|Any CPU
		{DE940972-46AB-488C-BD83-3F804B18D9A2}.Debug|iPhone.Deploy.0 = Debug|Any CPU
		{DE940972-46AB-488C-BD83-3F804B18D9A2}.Debug|iPhoneSimulator.ActiveCfg = Debug|Any CPU
		{DE940972-46AB-488C-BD83-3F804B18D9A2}.Debug|iPhoneSimulator.Build.0 = Debug|Any CPU
		{DE940972-46AB-488C-BD83-3F804B18D9A2}.Debug|iPhoneSimulator.Deploy.0 = Debug|Any CPU
		{DE940972-46AB-488C-BD83-3F804B18D9A2}.Release|Any CPU.ActiveCfg = Release|Any CPU
		{DE940972-46AB-488C-BD83-3F804B18D9A2}.Release|Any CPU.Build.0 = Release|Any CPU
		{DE940972-46AB-488C-BD83-3F804B18D9A2}.Release|Any CPU.Deploy.0 = Release|Any CPU
		{DE940972-46AB-488C-BD83-3F804B18D9A2}.Release|iPhone.ActiveCfg = Release|Any CPU
		{DE940972-46AB-488C-BD83-3F804B18D9A2}.Release|iPhone.Build.0 = Release|Any CPU
		{DE940972-46AB-488C-BD83-3F804B18D9A2}.Release|iPhone.Deploy.0 = Release|Any CPU
		{DE940972-46AB-488C-BD83-3F804B18D9A2}.Release|iPhoneSimulator.ActiveCfg = Release|Any CPU
		{DE940972-46AB-488C-BD83-3F804B18D9A2}.Release|iPhoneSimulator.Build.0 = Release|Any CPU
		{DE940972-46AB-488C-BD83-3F804B18D9A2}.Release|iPhoneSimulator.Deploy.0 = Release|Any CPU
		{4D9F262D-96DD-4DF0-AAF9-19A9D7557BEA}.Debug|Any CPU.ActiveCfg = Debug|iPhone
		{4D9F262D-96DD-4DF0-AAF9-19A9D7557BEA}.Debug|Any CPU.Build.0 = Debug|iPhone
		{4D9F262D-96DD-4DF0-AAF9-19A9D7557BEA}.Debug|Any CPU.Deploy.0 = Debug|iPhone
		{4D9F262D-96DD-4DF0-AAF9-19A9D7557BEA}.Debug|iPhone.ActiveCfg = Debug|iPhone
		{4D9F262D-96DD-4DF0-AAF9-19A9D7557BEA}.Debug|iPhone.Build.0 = Debug|iPhone
		{4D9F262D-96DD-4DF0-AAF9-19A9D7557BEA}.Debug|iPhone.Deploy.0 = Debug|iPhone
		{4D9F262D-96DD-4DF0-AAF9-19A9D7557BEA}.Debug|iPhoneSimulator.ActiveCfg = Debug|iPhoneSimulator
		{4D9F262D-96DD-4DF0-AAF9-19A9D7557BEA}.Debug|iPhoneSimulator.Build.0 = Debug|iPhoneSimulator
		{4D9F262D-96DD-4DF0-AAF9-19A9D7557BEA}.Debug|iPhoneSimulator.Deploy.0 = Debug|iPhoneSimulator
		{4D9F262D-96DD-4DF0-AAF9-19A9D7557BEA}.Release|Any CPU.ActiveCfg = Release|iPhoneSimulator
		{4D9F262D-96DD-4DF0-AAF9-19A9D7557BEA}.Release|Any CPU.Build.0 = Release|iPhoneSimulator
		{4D9F262D-96DD-4DF0-AAF9-19A9D7557BEA}.Release|Any CPU.Deploy.0 = Release|iPhoneSimulator
		{4D9F262D-96DD-4DF0-AAF9-19A9D7557BEA}.Release|iPhone.ActiveCfg = Release|iPhone
		{4D9F262D-96DD-4DF0-AAF9-19A9D7557BEA}.Release|iPhone.Build.0 = Release|iPhone
		{4D9F262D-96DD-4DF0-AAF9-19A9D7557BEA}.Release|iPhone.Deploy.0 = Release|iPhone
		{4D9F262D-96DD-4DF0-AAF9-19A9D7557BEA}.Release|iPhoneSimulator.ActiveCfg = Release|iPhoneSimulator
		{4D9F262D-96DD-4DF0-AAF9-19A9D7557BEA}.Release|iPhoneSimulator.Build.0 = Release|iPhoneSimulator
		{4D9F262D-96DD-4DF0-AAF9-19A9D7557BEA}.Release|iPhoneSimulator.Deploy.0 = Release|iPhoneSimulator
		{09B060F6-F8C9-4498-AE60-9B324BBC89FD}.Debug|Any CPU.ActiveCfg = Debug|Any CPU
		{09B060F6-F8C9-4498-AE60-9B324BBC89FD}.Debug|Any CPU.Build.0 = Debug|Any CPU
		{09B060F6-F8C9-4498-AE60-9B324BBC89FD}.Debug|Any CPU.Deploy.0 = Debug|Any CPU
		{09B060F6-F8C9-4498-AE60-9B324BBC89FD}.Debug|iPhone.ActiveCfg = Debug|Any CPU
		{09B060F6-F8C9-4498-AE60-9B324BBC89FD}.Debug|iPhone.Build.0 = Debug|Any CPU
		{09B060F6-F8C9-4498-AE60-9B324BBC89FD}.Debug|iPhone.Deploy.0 = Debug|Any CPU
		{09B060F6-F8C9-4498-AE60-9B324BBC89FD}.Debug|iPhoneSimulator.ActiveCfg = Debug|Any CPU
		{09B060F6-F8C9-4498-AE60-9B324BBC89FD}.Debug|iPhoneSimulator.Build.0 = Debug|Any CPU
		{09B060F6-F8C9-4498-AE60-9B324BBC89FD}.Debug|iPhoneSimulator.Deploy.0 = Debug|Any CPU
		{09B060F6-F8C9-4498-AE60-9B324BBC89FD}.Release|Any CPU.ActiveCfg = Release|Any CPU
		{09B060F6-F8C9-4498-AE60-9B324BBC89FD}.Release|Any CPU.Build.0 = Release|Any CPU
		{09B060F6-F8C9-4498-AE60-9B324BBC89FD}.Release|Any CPU.Deploy.0 = Release|Any CPU
		{09B060F6-F8C9-4498-AE60-9B324BBC89FD}.Release|iPhone.ActiveCfg = Release|Any CPU
		{09B060F6-F8C9-4498-AE60-9B324BBC89FD}.Release|iPhone.Build.0 = Release|Any CPU
		{09B060F6-F8C9-4498-AE60-9B324BBC89FD}.Release|iPhone.Deploy.0 = Release|Any CPU
		{09B060F6-F8C9-4498-AE60-9B324BBC89FD}.Release|iPhoneSimulator.ActiveCfg = Release|Any CPU
		{09B060F6-F8C9-4498-AE60-9B324BBC89FD}.Release|iPhoneSimulator.Build.0 = Release|Any CPU
		{09B060F6-F8C9-4498-AE60-9B324BBC89FD}.Release|iPhoneSimulator.Deploy.0 = Release|Any CPU
	EndGlobalSection
	GlobalSection(SolutionProperties) = preSolution
		HideSolutionNode = FALSE
	EndGlobalSection
	GlobalSection(ExtensibilityGlobals) = postSolution
		SolutionGuid = {FC3335BC-28FD-4F72-A198-B596BD2BC637}
	EndGlobalSection
EndGlobal
